
Microsoft Visual Studio Solution File, Format Version 12.00
# Visual Studio Version 17
VisualStudioVersion = 17.5.33414.496
MinimumVisualStudioVersion = 10.0.40219.1
Project("{8BC9CEB8-8B4A-11D0-8D11-00A0C91BC942}") = "Assignment 2", "Assignment 2\Assignment 2.vcxproj", "{347C0C15-2FAB-4382-BE1A-9846250C7320}"
EndProject
Global
	GlobalSection(SolutionConfigurationPlatforms) = preSolution
		Debug|x64 = Debug|x64
		Debug|x86 = Debug|x86
		Release|x64 = Release|x64
		Release|x86 = Release|x86
	EndGlobalSection
	GlobalSection(ProjectConfigurationPlatforms) = postSolution
		{347C0C15-2FAB-4382-BE1A-9846250C7320}.Debug|x64.ActiveCfg = Debug|x64
		{347C0C15-2FAB-4382-BE1A-9846250C7320}.Debug|x64.Build.0 = Debug|x64
		{347C0C15-2FAB-4382-BE1A-9846250C7320}.Debug|x86.ActiveCfg = Debug|Win32
		{347C0C15-2FAB-4382-BE1A-9846250C7320}.Debug|x86.Build.0 = Debug|Win32
		{347C0C15-2FAB-4382-BE1A-9846250C7320}.Release|x64.ActiveCfg = Release|x64
		{347C0C15-2FAB-4382-BE1A-9846250C7320}.Release|x64.Build.0 = Release|x64
		{347C0C15-2FAB-4382-BE1A-9846250C7320}.Release|x86.ActiveCfg = Release|Win32
		{347C0C15-2FAB-4382-BE1A-9846250C7320}.Release|x86.Build.0 = Release|Win32
	EndGlobalSection
	GlobalSection(SolutionProperties) = preSolution
		HideSolutionNode = FALSE
	EndGlobalSection
	GlobalSection(ExtensibilityGlobals) = postSolution
		SolutionGuid = {A127CF92-6067-4C50-9D03-F1A3D921537E}
	EndGlobalSection
EndGlobal
